// !$*UTF8*$!
{
	archiveVersion = 1;
	classes = {
	};
	objectVersion = 48;
	objects = {

/* Begin PBXBuildFile section */
		93BE42E12012419900159FEC /* AppDelegate.swift in Sources */ = {isa = PBXBuildFile; fileRef = 93BE42E02012419900159FEC /* AppDelegate.swift */; };
		93BE42E82012419900159FEC /* Assets.xcassets in Resources */ = {isa = PBXBuildFile; fileRef = 93BE42E72012419900159FEC /* Assets.xcassets */; };
		93BE42EB2012419900159FEC /* LaunchScreen.storyboard in Resources */ = {isa = PBXBuildFile; fileRef = 93BE42E92012419900159FEC /* LaunchScreen.storyboard */; };
		A2582BB020DF98FF00CC1909 /* RecipeListCell.xib in Resources */ = {isa = PBXBuildFile; fileRef = A2582BAA20DF98FE00CC1909 /* RecipeListCell.xib */; };
		A2582BB120DF98FF00CC1909 /* UIFont+Autoscaling.swift in Sources */ = {isa = PBXBuildFile; fileRef = A2582BAB20DF98FE00CC1909 /* UIFont+Autoscaling.swift */; };
		A2582BB220DF98FF00CC1909 /* CollectionViewGridLayoutAttribute.swift in Sources */ = {isa = PBXBuildFile; fileRef = A2582BAC20DF98FE00CC1909 /* CollectionViewGridLayoutAttribute.swift */; };
		A2582BB320DF98FF00CC1909 /* CollectionViewLayout.swift in Sources */ = {isa = PBXBuildFile; fileRef = A2582BAD20DF98FE00CC1909 /* CollectionViewLayout.swift */; };
		A2582BB420DF98FF00CC1909 /* RecipeListGradientView.swift in Sources */ = {isa = PBXBuildFile; fileRef = A2582BAE20DF98FE00CC1909 /* RecipeListGradientView.swift */; };
		A2582BB520DF98FF00CC1909 /* RecipeListCell.swift in Sources */ = {isa = PBXBuildFile; fileRef = A2582BAF20DF98FE00CC1909 /* RecipeListCell.swift */; };
		A2582BB820DF992D00CC1909 /* Main.storyboard in Resources */ = {isa = PBXBuildFile; fileRef = A2582BB620DF992D00CC1909 /* Main.storyboard */; };
		A2582BBA20DF99CE00CC1909 /* RecipeListCollectionViewController.swift in Sources */ = {isa = PBXBuildFile; fileRef = A2582BB920DF99CE00CC1909 /* RecipeListCollectionViewController.swift */; };
/* End PBXBuildFile section */

/* Begin PBXFileReference section */
		93BE42DD2012419900159FEC /* CollectionViewLayoutDemo.app */ = {isa = PBXFileReference; explicitFileType = wrapper.application; includeInIndex = 0; path = CollectionViewLayoutDemo.app; sourceTree = BUILT_PRODUCTS_DIR; };
		93BE42E02012419900159FEC /* AppDelegate.swift */ = {isa = PBXFileReference; lastKnownFileType = sourcecode.swift; path = AppDelegate.swift; sourceTree = "<group>"; };
		93BE42E72012419900159FEC /* Assets.xcassets */ = {isa = PBXFileReference; lastKnownFileType = folder.assetcatalog; path = Assets.xcassets; sourceTree = "<group>"; };
		93BE42EA2012419900159FEC /* Base */ = {isa = PBXFileReference; lastKnownFileType = file.storyboard; name = Base; path = Base.lproj/LaunchScreen.storyboard; sourceTree = "<group>"; };
		93BE42EC2012419900159FEC /* Info.plist */ = {isa = PBXFileReference; lastKnownFileType = text.plist.xml; path = Info.plist; sourceTree = "<group>"; };
		A2582BAA20DF98FE00CC1909 /* RecipeListCell.xib */ = {isa = PBXFileReference; fileEncoding = 4; lastKnownFileType = file.xib; path = RecipeListCell.xib; sourceTree = "<group>"; };
		A2582BAB20DF98FE00CC1909 /* UIFont+Autoscaling.swift */ = {isa = PBXFileReference; fileEncoding = 4; lastKnownFileType = sourcecode.swift; path = "UIFont+Autoscaling.swift"; sourceTree = "<group>"; };
		A2582BAC20DF98FE00CC1909 /* CollectionViewGridLayoutAttribute.swift */ = {isa = PBXFileReference; fileEncoding = 4; lastKnownFileType = sourcecode.swift; path = CollectionViewGridLayoutAttribute.swift; sourceTree = "<group>"; };
		A2582BAD20DF98FE00CC1909 /* CollectionViewLayout.swift */ = {isa = PBXFileReference; fileEncoding = 4; lastKnownFileType = sourcecode.swift; path = CollectionViewLayout.swift; sourceTree = "<group>"; };
		A2582BAE20DF98FE00CC1909 /* RecipeListGradientView.swift */ = {isa = PBXFileReference; fileEncoding = 4; lastKnownFileType = sourcecode.swift; path = RecipeListGradientView.swift; sourceTree = "<group>"; };
		A2582BAF20DF98FE00CC1909 /* RecipeListCell.swift */ = {isa = PBXFileReference; fileEncoding = 4; lastKnownFileType = sourcecode.swift; path = RecipeListCell.swift; sourceTree = "<group>"; };
		A2582BB720DF992D00CC1909 /* Base */ = {isa = PBXFileReference; lastKnownFileType = file.storyboard; name = Base; path = Base.lproj/Main.storyboard; sourceTree = "<group>"; };
		A2582BB920DF99CE00CC1909 /* RecipeListCollectionViewController.swift */ = {isa = PBXFileReference; lastKnownFileType = sourcecode.swift; path = RecipeListCollectionViewController.swift; sourceTree = "<group>"; };
/* End PBXFileReference section */

/* Begin PBXFrameworksBuildPhase section */
		93BE42DA2012419900159FEC /* Frameworks */ = {
			isa = PBXFrameworksBuildPhase;
			buildActionMask = 2147483647;
			files = (
			);
			runOnlyForDeploymentPostprocessing = 0;
		};
/* End PBXFrameworksBuildPhase section */

/* Begin PBXGroup section */
		93BE42D42012419900159FEC = {
			isa = PBXGroup;
			children = (
				93BE42DF2012419900159FEC /* CollectionViewLayoutDemo */,
				93BE42DE2012419900159FEC /* Products */,
			);
			sourceTree = "<group>";
		};
		93BE42DE2012419900159FEC /* Products */ = {
			isa = PBXGroup;
			children = (
				93BE42DD2012419900159FEC /* CollectionViewLayoutDemo.app */,
			);
			name = Products;
			sourceTree = "<group>";
		};
		93BE42DF2012419900159FEC /* CollectionViewLayoutDemo */ = {
			isa = PBXGroup;
			children = (
				A2582BAC20DF98FE00CC1909 /* CollectionViewGridLayoutAttribute.swift */,
				A2582BAD20DF98FE00CC1909 /* CollectionViewLayout.swift */,
				A2582BAF20DF98FE00CC1909 /* RecipeListCell.swift */,
				A2582BAA20DF98FE00CC1909 /* RecipeListCell.xib */,
				A2582BAE20DF98FE00CC1909 /* RecipeListGradientView.swift */,
				A2582BAB20DF98FE00CC1909 /* UIFont+Autoscaling.swift */,
				93BE42E02012419900159FEC /* AppDelegate.swift */,
				93BE42E72012419900159FEC /* Assets.xcassets */,
				A2582BB620DF992D00CC1909 /* Main.storyboard */,
				93BE42E92012419900159FEC /* LaunchScreen.storyboard */,
				93BE42EC2012419900159FEC /* Info.plist */,
				A2582BB920DF99CE00CC1909 /* RecipeListCollectionViewController.swift */,
			);
			path = CollectionViewLayoutDemo;
			sourceTree = "<group>";
		};
/* End PBXGroup section */

/* Begin PBXNativeTarget section */
		93BE42DC2012419900159FEC /* CollectionViewLayoutDemo */ = {
			isa = PBXNativeTarget;
			buildConfigurationList = 93BE42EF2012419900159FEC /* Build configuration list for PBXNativeTarget "CollectionViewLayoutDemo" */;
			buildPhases = (
				93BE42D92012419900159FEC /* Sources */,
				93BE42DA2012419900159FEC /* Frameworks */,
				93BE42DB2012419900159FEC /* Resources */,
			);
			buildRules = (
			);
			dependencies = (
			);
			name = CollectionViewLayoutDemo;
			productName = CollectionViewLayoutDemo;
			productReference = 93BE42DD2012419900159FEC /* CollectionViewLayoutDemo.app */;
			productType = "com.apple.product-type.application";
		};
/* End PBXNativeTarget section */

/* Begin PBXProject section */
		93BE42D52012419900159FEC /* Project object */ = {
			isa = PBXProject;
			attributes = {
				LastSwiftUpdateCheck = 0920;
				LastUpgradeCheck = 0920;
				ORGANIZATIONNAME = Kiera;
				TargetAttributes = {
					93BE42DC2012419900159FEC = {
						CreatedOnToolsVersion = 9.2;
						ProvisioningStyle = Automatic;
					};
				};
			};
			buildConfigurationList = 93BE42D82012419900159FEC /* Build configuration list for PBXProject "CollectionViewLayoutDemo" */;
			compatibilityVersion = "Xcode 8.0";
			developmentRegion = en;
			hasScannedForEncodings = 0;
			knownRegions = (
				en,
				Base,
			);
			mainGroup = 93BE42D42012419900159FEC;
			productRefGroup = 93BE42DE2012419900159FEC /* Products */;
			projectDirPath = "";
			projectRoot = "";
			targets = (
				93BE42DC2012419900159FEC /* CollectionViewLayoutDemo */,
			);
		};
/* End PBXProject section */

/* Begin PBXResourcesBuildPhase section */
		93BE42DB2012419900159FEC /* Resources */ = {
			isa = PBXResourcesBuildPhase;
			buildActionMask = 2147483647;
			files = (
				93BE42EB2012419900159FEC /* LaunchScreen.storyboard in Resources */,
				93BE42E82012419900159FEC /* Assets.xcassets in Resources */,
				A2582BB020DF98FF00CC1909 /* RecipeListCell.xib in Resources */,
				A2582BB820DF992D00CC1909 /* Main.storyboard in Resources */,
			);
			runOnlyForDeploymentPostprocessing = 0;
		};
/* End PBXResourcesBuildPhase section */

/* Begin PBXSourcesBuildPhase section */
		93BE42D92012419900159FEC /* Sources */ = {
			isa = PBXSourcesBuildPhase;
			buildActionMask = 2147483647;
			files = (
				A2582BB220DF98FF00CC1909 /* CollectionViewGridLayoutAttribute.swift in Sources */,
				93BE42E12012419900159FEC /* AppDelegate.swift in Sources */,
				A2582BBA20DF99CE00CC1909 /* RecipeListCollectionViewController.swift in Sources */,
				A2582BB520DF98FF00CC1909 /* RecipeListCell.swift in Sources */,
				A2582BB120DF98FF00CC1909 /* UIFont+Autoscaling.swift in Sources */,
				A2582BB420DF98FF00CC1909 /* RecipeListGradientView.swift in Sources */,
				A2582BB320DF98FF00CC1909 /* CollectionViewLayout.swift in Sources */,
			);
			runOnlyForDeploymentPostprocessing = 0;
		};
/* End PBXSourcesBuildPhase section */

/* Begin PBXVariantGroup section */
		93BE42E92012419900159FEC /* LaunchScreen.storyboard */ = {
			isa = PBXVariantGroup;
			children = (
				93BE42EA2012419900159FEC /* Base */,
			);
			name = LaunchScreen.storyboard;
			sourceTree = "<group>";
		};
		A2582BB620DF992D00CC1909 /* Main.storyboard */ = {
			isa = PBXVariantGroup;
			children = (
				A2582BB720DF992D00CC1909 /* Base */,
			);
			name = Main.storyboard;
			sourceTree = "<group>";
		};
/* End PBXVariantGroup section */

/* Begin XCBuildConfiguration section */
		93BE42ED2012419900159FEC /* Debug */ = {
			isa = XCBuildConfiguration;
			buildSettings = {
				ALWAYS_SEARCH_USER_PATHS = NO;
				CLANG_ANALYZER_NONNULL = YES;
				CLANG_ANALYZER_NUMBER_OBJECT_CONVERSION = YES_AGGRESSIVE;
				CLANG_CXX_LANGUAGE_STANDARD = "gnu++14";
				CLANG_CXX_LIBRARY = "libc++";
				CLANG_ENABLE_MODULES = YES;
				CLANG_ENABLE_OBJC_ARC = YES;
				CLANG_WARN_BLOCK_CAPTURE_AUTORELEASING = YES;
				CLANG_WARN_BOOL_CONVERSION = YES;
				CLANG_WARN_COMMA = YES;
				CLANG_WARN_CONSTANT_CONVERSION = YES;
				CLANG_WARN_DIRECT_OBJC_ISA_USAGE = YES_ERROR;
				CLANG_WARN_DOCUMENTATION_COMMENTS = YES;
				CLANG_WARN_EMPTY_BODY = YES;
				CLANG_WARN_ENUM_CONVERSION = YES;
				CLANG_WARN_INFINITE_RECURSION = YES;
				CLANG_WARN_INT_CONVERSION = YES;
				CLANG_WARN_NON_LITERAL_NULL_CONVERSION = YES;
				CLANG_WARN_OBJC_LITERAL_CONVERSION = YES;
				CLANG_WARN_OBJC_ROOT_CLASS = YES_ERROR;
				CLANG_WARN_RANGE_LOOP_ANALYSIS = YES;
				CLANG_WARN_STRICT_PROTOTYPES = YES;
				CLANG_WARN_SUSPICIOUS_MOVE = YES;
				CLANG_WARN_UNGUARDED_AVAILABILITY = YES_AGGRESSIVE;
				CLANG_WARN_UNREACHABLE_CODE = YES;
				CLANG_WARN__DUPLICATE_METHOD_MATCH = YES;
				CODE_SIGN_IDENTITY = "iPhone Developer";
				COPY_PHASE_STRIP = NO;
				DEBUG_INFORMATION_FORMAT = dwarf;
				ENABLE_STRICT_OBJC_MSGSEND = YES;
				ENABLE_TESTABILITY = YES;
				GCC_C_LANGUAGE_STANDARD = gnu11;
				GCC_DYNAMIC_NO_PIC = NO;
				GCC_NO_COMMON_BLOCKS = YES;
				GCC_OPTIMIZATION_LEVEL = 0;
				GCC_PREPROCESSOR_DEFINITIONS = (
					"DEBUG=1",
					"$(inherited)",
				);
				GCC_WARN_64_TO_32_BIT_CONVERSION = YES;
				GCC_WARN_ABOUT_RETURN_TYPE = YES_ERROR;
				GCC_WARN_UNDECLARED_SELECTOR = YES;
				GCC_WARN_UNINITIALIZED_AUTOS = YES_AGGRESSIVE;
				GCC_WARN_UNUSED_FUNCTION = YES;
				GCC_WARN_UNUSED_VARIABLE = YES;
				IPHONEOS_DEPLOYMENT_TARGET = 11.2;
				MTL_ENABLE_DEBUG_INFO = YES;
				ONLY_ACTIVE_ARCH = YES;
				SDKROOT = iphoneos;
				SWIFT_ACTIVE_COMPILATION_CONDITIONS = DEBUG;
				SWIFT_OPTIMIZATION_LEVEL = "-Onone";
			};
			name = Debug;
		};
		93BE42EE2012419900159FEC /* Release */ = {
			isa = XCBuildConfiguration;
			buildSettings = {
				ALWAYS_SEARCH_USER_PATHS = NO;
				CLANG_ANALYZER_NONNULL = YES;
				CLANG_ANALYZER_NUMBER_OBJECT_CONVERSION = YES_AGGRESSIVE;
				CLANG_CXX_LANGUAGE_STANDARD = "gnu++14";
				CLANG_CXX_LIBRARY = "libc++";
				CLANG_ENABLE_MODULES = YES;
				CLANG_ENABLE_OBJC_ARC = YES;
				CLANG_WARN_BLOCK_CAPTURE_AUTORELEASING = YES;
				CLANG_WARN_BOOL_CONVERSION = YES;
				CLANG_WARN_COMMA = YES;
				CLANG_WARN_CONSTANT_CONVERSION = YES;
				CLANG_WARN_DIRECT_OBJC_ISA_USAGE = YES_ERROR;
				CLANG_WARN_DOCUMENTATION_COMMENTS = YES;
				CLANG_WARN_EMPTY_BODY = YES;
				CLANG_WARN_ENUM_CONVERSION = YES;
				CLANG_WARN_INFINITE_RECURSION = YES;
				CLANG_WARN_INT_CONVERSION = YES;
				CLANG_WARN_NON_LITERAL_NULL_CONVERSION = YES;
				CLANG_WARN_OBJC_LITERAL_CONVERSION = YES;
				CLANG_WARN_OBJC_ROOT_CLASS = YES_ERROR;
				CLANG_WARN_RANGE_LOOP_ANALYSIS = YES;
				CLANG_WARN_STRICT_PROTOTYPES = YES;
				CLANG_WARN_SUSPICIOUS_MOVE = YES;
				CLANG_WARN_UNGUARDED_AVAILABILITY = YES_AGGRESSIVE;
				CLANG_WARN_UNREACHABLE_CODE = YES;
				CLANG_WARN__DUPLICATE_METHOD_MATCH = YES;
				CODE_SIGN_IDENTITY = "iPhone Developer";
				COPY_PHASE_STRIP = NO;
				DEBUG_INFORMATION_FORMAT = "dwarf-with-dsym";
				ENABLE_NS_ASSERTIONS = NO;
				ENABLE_STRICT_OBJC_MSGSEND = YES;
				GCC_C_LANGUAGE_STANDARD = gnu11;
				GCC_NO_COMMON_BLOCKS = YES;
				GCC_WARN_64_TO_32_BIT_CONVERSION = YES;
				GCC_WARN_ABOUT_RETURN_TYPE = YES_ERROR;
				GCC_WARN_UNDECLARED_SELECTOR = YES;
				GCC_WARN_UNINITIALIZED_AUTOS = YES_AGGRESSIVE;
				GCC_WARN_UNUSED_FUNCTION = YES;
				GCC_WARN_UNUSED_VARIABLE = YES;
				IPHONEOS_DEPLOYMENT_TARGET = 11.2;
				MTL_ENABLE_DEBUG_INFO = NO;
				SDKROOT = iphoneos;
				SWIFT_OPTIMIZATION_LEVEL = "-Owholemodule";
				VALIDATE_PRODUCT = YES;
			};
			name = Release;
		};
		93BE42F02012419900159FEC /* Debug */ = {
			isa = XCBuildConfiguration;
			buildSettings = {
				ASSETCATALOG_COMPILER_APPICON_NAME = AppIcon;
				CODE_SIGN_STYLE = Automatic;
				DEVELOPMENT_TEAM = BD9LGV9V9T;
				INFOPLIST_FILE = CollectionViewLayoutDemo/Info.plist;
				LD_RUNPATH_SEARCH_PATHS = "$(inherited) @executable_path/Frameworks";
				PRODUCT_BUNDLE_IDENTIFIER = com.gousto.CollectionViewLayoutDemo;
				PRODUCT_NAME = "$(TARGET_NAME)";
				SWIFT_VERSION = 4.0;
				TARGETED_DEVICE_FAMILY = "1,2";
			};
			name = Debug;
		};
		93BE42F12012419900159FEC /* Release */ = {
			isa = XCBuildConfiguration;
			buildSettings = {
				ASSETCATALOG_COMPILER_APPICON_NAME = AppIcon;
				CODE_SIGN_STYLE = Automatic;
				DEVELOPMENT_TEAM = BD9LGV9V9T;
				INFOPLIST_FILE = CollectionViewLayoutDemo/Info.plist;
				LD_RUNPATH_SEARCH_PATHS = "$(inherited) @executable_path/Frameworks";
				PRODUCT_BUNDLE_IDENTIFIER = com.gousto.CollectionViewLayoutDemo;
				PRODUCT_NAME = "$(TARGET_NAME)";
				SWIFT_VERSION = 4.0;
				TARGETED_DEVICE_FAMILY = "1,2";
			};
			name = Release;
		};
/* End XCBuildConfiguration section */

/* Begin XCConfigurationList section */
		93BE42D82012419900159FEC /* Build configuration list for PBXProject "CollectionViewLayoutDemo" */ = {
			isa = XCConfigurationList;
			buildConfigurations = (
				93BE42ED2012419900159FEC /* Debug */,
				93BE42EE2012419900159FEC /* Release */,
			);
			defaultConfigurationIsVisible = 0;
			defaultConfigurationName = Release;
		};
		93BE42EF2012419900159FEC /* Build configuration list for PBXNativeTarget "CollectionViewLayoutDemo" */ = {
			isa = XCConfigurationList;
			buildConfigurations = (
				93BE42F02012419900159FEC /* Debug */,
				93BE42F12012419900159FEC /* Release */,
			);
			defaultConfigurationIsVisible = 0;
			defaultConfigurationName = Release;
		};
/* End XCConfigurationList section */
	};
	rootObject = 93BE42D52012419900159FEC /* Project object */;
}
